
Microsoft Visual Studio Solution File, Format Version 12.00
# Visual Studio Version 17
VisualStudioVersion = 17.8.34511.84
MinimumVisualStudioVersion = 10.0.40219.1
Project("{FAE04EC0-301F-11D3-BF4B-00C04F79EFBC}") = "BechmarkingPathfinding", "BechmarkingPathfinding\BechmarkingPathfinding.csproj", "{19B3BEBB-9D0C-4AF2-87B7-8FEE686EBEC4}"
EndProject
Global
	GlobalSection(SolutionConfigurationPlatforms) = preSolution
		Debug|Any CPU = Debug|Any CPU
		Release|Any CPU = Release|Any CPU
	EndGlobalSection
	GlobalSection(ProjectConfigurationPlatforms) = postSolution
		{19B3BEBB-9D0C-4AF2-87B7-8FEE686EBEC4}.Debug|Any CPU.ActiveCfg = Debug|Any CPU
		{19B3BEBB-9D0C-4AF2-87B7-8FEE686EBEC4}.Debug|Any CPU.Build.0 = Debug|Any CPU
		{19B3BEBB-9D0C-4AF2-87B7-8FEE686EBEC4}.Release|Any CPU.ActiveCfg = Release|Any CPU
		{19B3BEBB-9D0C-4AF2-87B7-8FEE686EBEC4}.Release|Any CPU.Build.0 = Release|Any CPU
	EndGlobalSection
	GlobalSection(SolutionProperties) = preSolution
		HideSolutionNode = FALSE
	EndGlobalSection
	GlobalSection(ExtensibilityGlobals) = postSolution
		SolutionGuid = {2CBFACE7-BC39-427C-89EF-83FBD853A3F0}
	EndGlobalSection
EndGlobal
